// !$*UTF8*$!
{
	archiveVersion = 1;
	classes = {
	};
	objectVersion = 56;
	objects = {

/* Begin PBXBuildFile section */
		0161AE9E2A56F4840082930D /* check.riv in Resources */ = {isa = PBXBuildFile; fileRef = 0161AE9C2A56F4840082930D /* check.riv */; };
		0161AE9F2A56F4840082930D /* confetti.riv in Resources */ = {isa = PBXBuildFile; fileRef = 0161AE9D2A56F4840082930D /* confetti.riv */; };
		018BE6DD2A51B7420064F8B2 /* Assets.xcassets in Resources */ = {isa = PBXBuildFile; fileRef = 018BE6DC2A51B7420064F8B2 /* Assets.xcassets */; };
		018BE6E02A51B7420064F8B2 /* Preview Assets.xcassets in Resources */ = {isa = PBXBuildFile; fileRef = 018BE6DF2A51B7420064F8B2 /* Preview Assets.xcassets */; };
		018BE6EA2A51B7420064F8B2 /* SwiftuiCustomComponentsTests.swift in Sources */ = {isa = PBXBuildFile; fileRef = 018BE6E92A51B7420064F8B2 /* SwiftuiCustomComponentsTests.swift */; };
		018BE6F42A51B7420064F8B2 /* SwiftuiCustomComponentsUITests.swift in Sources */ = {isa = PBXBuildFile; fileRef = 018BE6F32A51B7420064F8B2 /* SwiftuiCustomComponentsUITests.swift */; };
		018BE6F62A51B7420064F8B2 /* SwiftuiCustomComponentsUITestsLaunchTests.swift in Sources */ = {isa = PBXBuildFile; fileRef = 018BE6F52A51B7420064F8B2 /* SwiftuiCustomComponentsUITestsLaunchTests.swift */; };
/* End PBXBuildFile section */

/* Begin PBXContainerItemProxy section */
		018BE6E62A51B7420064F8B2 /* PBXContainerItemProxy */ = {
			isa = PBXContainerItemProxy;
			containerPortal = 018BE6CD2A51B7400064F8B2 /* Project object */;
			proxyType = 1;
			remoteGlobalIDString = 018BE6D42A51B7400064F8B2;
			remoteInfo = SwiftuiCustomComponents;
		};
		018BE6F02A51B7420064F8B2 /* PBXContainerItemProxy */ = {
			isa = PBXContainerItemProxy;
			containerPortal = 018BE6CD2A51B7400064F8B2 /* Project object */;
			proxyType = 1;
			remoteGlobalIDString = 018BE6D42A51B7400064F8B2;
			remoteInfo = SwiftuiCustomComponents;
		};
/* End PBXContainerItemProxy section */

/* Begin PBXFileReference section */
		014712992A7BB11400FC77C3 /* VideoPlayer1.swift */ = {isa = PBXFileReference; lastKnownFileType = sourcecode.swift; path = VideoPlayer1.swift; sourceTree = "<group>"; };
		0147129C2A7BB25C00FC77C3 /* YoutubeVideoPlayer1.swift */ = {isa = PBXFileReference; lastKnownFileType = sourcecode.swift; path = YoutubeVideoPlayer1.swift; sourceTree = "<group>"; };
		0147129F2A7BB6F200FC77C3 /* ListView2.swift */ = {isa = PBXFileReference; lastKnownFileType = sourcecode.swift; path = ListView2.swift; sourceTree = "<group>"; };
		0161AE8A2A56AAFC0082930D /* ListView1.swift */ = {isa = PBXFileReference; lastKnownFileType = sourcecode.swift; path = ListView1.swift; sourceTree = "<group>"; };
		0161AE8E2A56AF0A0082930D /* TextFIeld.swift */ = {isa = PBXFileReference; lastKnownFileType = sourcecode.swift; path = TextFIeld.swift; sourceTree = "<group>"; };
		0161AE992A56F3DD0082930D /* RiveLoader1.swift */ = {isa = PBXFileReference; lastKnownFileType = sourcecode.swift; path = RiveLoader1.swift; sourceTree = "<group>"; };
		0161AE9C2A56F4840082930D /* check.riv */ = {isa = PBXFileReference; lastKnownFileType = file; path = check.riv; sourceTree = "<group>"; };
		0161AE9D2A56F4840082930D /* confetti.riv */ = {isa = PBXFileReference; lastKnownFileType = file; path = confetti.riv; sourceTree = "<group>"; };
		0183C4412A5564C800C9BF89 /* CustomTabBar2.swift */ = {isa = PBXFileReference; lastKnownFileType = sourcecode.swift; path = CustomTabBar2.swift; sourceTree = "<group>"; };
		0183C4442A55650300C9BF89 /* CustomTabBar3.swift */ = {isa = PBXFileReference; lastKnownFileType = sourcecode.swift; path = CustomTabBar3.swift; sourceTree = "<group>"; };
		0183C4462A55654000C9BF89 /* TabBarView3.swift */ = {isa = PBXFileReference; lastKnownFileType = sourcecode.swift; path = TabBarView3.swift; sourceTree = "<group>"; };
		0183C4492A556BF000C9BF89 /* CustomTabBar4.swift */ = {isa = PBXFileReference; lastKnownFileType = sourcecode.swift; path = CustomTabBar4.swift; sourceTree = "<group>"; };
		0183C44B2A556BF800C9BF89 /* TabBarView4.swift */ = {isa = PBXFileReference; lastKnownFileType = sourcecode.swift; path = TabBarView4.swift; sourceTree = "<group>"; };
		0183C44E2A557BE400C9BF89 /* CustomTabBar5.swift */ = {isa = PBXFileReference; lastKnownFileType = sourcecode.swift; path = CustomTabBar5.swift; sourceTree = "<group>"; };
		0183C4502A557C1100C9BF89 /* TabBarView5.swift */ = {isa = PBXFileReference; lastKnownFileType = sourcecode.swift; path = TabBarView5.swift; sourceTree = "<group>"; };
		0183C45B2A559A2100C9BF89 /* ExpandingView1.swift */ = {isa = PBXFileReference; lastKnownFileType = sourcecode.swift; path = ExpandingView1.swift; sourceTree = "<group>"; };
		0183C45D2A559A6000C9BF89 /* ExpandingView.swift */ = {isa = PBXFileReference; lastKnownFileType = sourcecode.swift; path = ExpandingView.swift; sourceTree = "<group>"; };
		0183C4612A559B3200C9BF89 /* Loader1.swift */ = {isa = PBXFileReference; lastKnownFileType = sourcecode.swift; path = Loader1.swift; sourceTree = "<group>"; };
		0183C4692A55ABA200C9BF89 /* PopupView1.swift */ = {isa = PBXFileReference; lastKnownFileType = sourcecode.swift; path = PopupView1.swift; sourceTree = "<group>"; };
		0183C46C2A55AF5000C9BF89 /* AlertVIew1.swift */ = {isa = PBXFileReference; lastKnownFileType = sourcecode.swift; path = AlertVIew1.swift; sourceTree = "<group>"; };
		018BE6D52A51B7400064F8B2 /* SwiftuiCustomComponents.app */ = {isa = PBXFileReference; explicitFileType = wrapper.application; includeInIndex = 0; path = SwiftuiCustomComponents.app; sourceTree = BUILT_PRODUCTS_DIR; };
		018BE6D82A51B7400064F8B2 /* SwiftuiCustomComponentsApp.swift */ = {isa = PBXFileReference; lastKnownFileType = sourcecode.swift; path = SwiftuiCustomComponentsApp.swift; sourceTree = "<group>"; };
		018BE6DA2A51B7400064F8B2 /* ContentView.swift */ = {isa = PBXFileReference; lastKnownFileType = sourcecode.swift; path = ContentView.swift; sourceTree = "<group>"; };
		018BE6DC2A51B7420064F8B2 /* Assets.xcassets */ = {isa = PBXFileReference; lastKnownFileType = folder.assetcatalog; path = Assets.xcassets; sourceTree = "<group>"; };
		018BE6DF2A51B7420064F8B2 /* Preview Assets.xcassets */ = {isa = PBXFileReference; lastKnownFileType = folder.assetcatalog; path = "Preview Assets.xcassets"; sourceTree = "<group>"; };
		018BE6E52A51B7420064F8B2 /* SwiftuiCustomComponentsTests.xctest */ = {isa = PBXFileReference; explicitFileType = wrapper.cfbundle; includeInIndex = 0; path = SwiftuiCustomComponentsTests.xctest; sourceTree = BUILT_PRODUCTS_DIR; };
		018BE6E92A51B7420064F8B2 /* SwiftuiCustomComponentsTests.swift */ = {isa = PBXFileReference; lastKnownFileType = sourcecode.swift; path = SwiftuiCustomComponentsTests.swift; sourceTree = "<group>"; };
		018BE6EF2A51B7420064F8B2 /* SwiftuiCustomComponentsUITests.xctest */ = {isa = PBXFileReference; explicitFileType = wrapper.cfbundle; includeInIndex = 0; path = SwiftuiCustomComponentsUITests.xctest; sourceTree = BUILT_PRODUCTS_DIR; };
		018BE6F32A51B7420064F8B2 /* SwiftuiCustomComponentsUITests.swift */ = {isa = PBXFileReference; lastKnownFileType = sourcecode.swift; path = SwiftuiCustomComponentsUITests.swift; sourceTree = "<group>"; };
		018BE6F52A51B7420064F8B2 /* SwiftuiCustomComponentsUITestsLaunchTests.swift */ = {isa = PBXFileReference; lastKnownFileType = sourcecode.swift; path = SwiftuiCustomComponentsUITestsLaunchTests.swift; sourceTree = "<group>"; };
		018BE7042A51B76B0064F8B2 /* CustomTabBar1.swift */ = {isa = PBXFileReference; lastKnownFileType = sourcecode.swift; path = CustomTabBar1.swift; sourceTree = "<group>"; };
		018BE7072A51B8230064F8B2 /* CustomTabBar1View.swift */ = {isa = PBXFileReference; lastKnownFileType = sourcecode.swift; path = CustomTabBar1View.swift; sourceTree = "<group>"; };
		018BE7092A51B9090064F8B2 /* CustomTabBar1House.swift */ = {isa = PBXFileReference; lastKnownFileType = sourcecode.swift; path = CustomTabBar1House.swift; sourceTree = "<group>"; };
		018BE70B2A51B9270064F8B2 /* CustomTabBar1Message.swift */ = {isa = PBXFileReference; lastKnownFileType = sourcecode.swift; path = CustomTabBar1Message.swift; sourceTree = "<group>"; };
		018BE70D2A51B9480064F8B2 /* CustomTabBar1Person.swift */ = {isa = PBXFileReference; lastKnownFileType = sourcecode.swift; path = CustomTabBar1Person.swift; sourceTree = "<group>"; };
		018BE70F2A51B95D0064F8B2 /* CustomTabBar1Setting.swift */ = {isa = PBXFileReference; lastKnownFileType = sourcecode.swift; path = CustomTabBar1Setting.swift; sourceTree = "<group>"; };
		018BE7112A51B9E50064F8B2 /* CustomTabBar1Leaf.swift */ = {isa = PBXFileReference; lastKnownFileType = sourcecode.swift; path = CustomTabBar1Leaf.swift; sourceTree = "<group>"; };
		01C453982A84EC78008931A0 /* MapViewCustomPackage.swift */ = {isa = PBXFileReference; lastKnownFileType = sourcecode.swift; path = MapViewCustomPackage.swift; sourceTree = "<group>"; };
		01C454612A864428008931A0 /* MapSwifty */ = {isa = PBXFileReference; lastKnownFileType = wrapper; name = MapSwifty; path = ../../Projets/Packages/MapSwifty; sourceTree = "<group>"; };
		01C71AA82A6E8DEC000FD021 /* ButtonsAnimation.swift */ = {isa = PBXFileReference; lastKnownFileType = sourcecode.swift; path = ButtonsAnimation.swift; sourceTree = "<group>"; };
/* End PBXFileReference section */

/* Begin PBXFrameworksBuildPhase section */
		018BE6D22A51B7400064F8B2 /* Frameworks */ = {
			isa = PBXFrameworksBuildPhase;
			buildActionMask = 2147483647;
			files = (
			);
			runOnlyForDeploymentPostprocessing = 0;
		};
		018BE6E22A51B7420064F8B2 /* Frameworks */ = {
			isa = PBXFrameworksBuildPhase;
			buildActionMask = 2147483647;
			files = (
			);
			runOnlyForDeploymentPostprocessing = 0;
		};
		018BE6EC2A51B7420064F8B2 /* Frameworks */ = {
			isa = PBXFrameworksBuildPhase;
			buildActionMask = 2147483647;
			files = (
			);
			runOnlyForDeploymentPostprocessing = 0;
		};
/* End PBXFrameworksBuildPhase section */

/* Begin PBXGroup section */
		014712972A7BB10200FC77C3 /* VideoPlayer */ = {
			isa = PBXGroup;
			children = (
				0147129B2A7BB25400FC77C3 /* YoutubeVideoPlayer1 */,
				014712982A7BB10B00FC77C3 /* VideoPlayer1 */,
			);
			path = VideoPlayer;
			sourceTree = "<group>";
		};
		014712982A7BB10B00FC77C3 /* VideoPlayer1 */ = {
			isa = PBXGroup;
			children = (
				014712992A7BB11400FC77C3 /* VideoPlayer1.swift */,
			);
			path = VideoPlayer1;
			sourceTree = "<group>";
		};
		0147129B2A7BB25400FC77C3 /* YoutubeVideoPlayer1 */ = {
			isa = PBXGroup;
			children = (
				0147129C2A7BB25C00FC77C3 /* YoutubeVideoPlayer1.swift */,
			);
			path = YoutubeVideoPlayer1;
			sourceTree = "<group>";
		};
		0147129E2A7BB6E800FC77C3 /* ListView2 */ = {
			isa = PBXGroup;
			children = (
				0147129F2A7BB6F200FC77C3 /* ListView2.swift */,
			);
			path = ListView2;
			sourceTree = "<group>";
		};
		0161AE882A56AA9B0082930D /* ListView */ = {
			isa = PBXGroup;
			children = (
				0147129E2A7BB6E800FC77C3 /* ListView2 */,
				0161AE892A56AAF40082930D /* ListView1 */,
			);
			path = ListView;
			sourceTree = "<group>";
		};
		0161AE892A56AAF40082930D /* ListView1 */ = {
			isa = PBXGroup;
			children = (
				0161AE8A2A56AAFC0082930D /* ListView1.swift */,
			);
			path = ListView1;
			sourceTree = "<group>";
		};
		0161AE8C2A56AEF50082930D /* AnimationExemple */ = {
			isa = PBXGroup;
			children = (
				01C71AA72A6E8DDA000FD021 /* ButtonsAnimation */,
				0161AE8D2A56AEFE0082930D /* TransitionExemple */,
			);
			path = AnimationExemple;
			sourceTree = "<group>";
		};
		0161AE8D2A56AEFE0082930D /* TransitionExemple */ = {
			isa = PBXGroup;
			children = (
				0161AE8E2A56AF0A0082930D /* TextFIeld.swift */,
			);
			path = TransitionExemple;
			sourceTree = "<group>";
		};
		0161AE962A56F3930082930D /* RiveExemples */ = {
			isa = PBXGroup;
			children = (
				0161AE972A56F3A10082930D /* RiveLoaders */,
			);
			path = RiveExemples;
			sourceTree = "<group>";
		};
		0161AE972A56F3A10082930D /* RiveLoaders */ = {
			isa = PBXGroup;
			children = (
				0161AE982A56F3A70082930D /* RiveLoader1 */,
			);
			path = RiveLoaders;
			sourceTree = "<group>";
		};
		0161AE982A56F3A70082930D /* RiveLoader1 */ = {
			isa = PBXGroup;
			children = (
				0161AE992A56F3DD0082930D /* RiveLoader1.swift */,
			);
			path = RiveLoader1;
			sourceTree = "<group>";
		};
		0161AE9B2A56F4670082930D /* Shared */ = {
			isa = PBXGroup;
			children = (
				0161AE9C2A56F4840082930D /* check.riv */,
				0161AE9D2A56F4840082930D /* confetti.riv */,
			);
			path = Shared;
			sourceTree = "<group>";
		};
		0183C4402A5564B500C9BF89 /* CustomTabBar2 */ = {
			isa = PBXGroup;
			children = (
				0183C4412A5564C800C9BF89 /* CustomTabBar2.swift */,
			);
			path = CustomTabBar2;
			sourceTree = "<group>";
		};
		0183C4432A5564F500C9BF89 /* CustomTabBar3 */ = {
			isa = PBXGroup;
			children = (
				0183C4442A55650300C9BF89 /* CustomTabBar3.swift */,
				0183C4462A55654000C9BF89 /* TabBarView3.swift */,
			);
			path = CustomTabBar3;
			sourceTree = "<group>";
		};
		0183C4482A556BDC00C9BF89 /* CustomTabBar4 */ = {
			isa = PBXGroup;
			children = (
				0183C4492A556BF000C9BF89 /* CustomTabBar4.swift */,
				0183C44B2A556BF800C9BF89 /* TabBarView4.swift */,
			);
			path = CustomTabBar4;
			sourceTree = "<group>";
		};
		0183C44D2A557B5900C9BF89 /* CustomTabBar5 */ = {
			isa = PBXGroup;
			children = (
				0183C44E2A557BE400C9BF89 /* CustomTabBar5.swift */,
				0183C4502A557C1100C9BF89 /* TabBarView5.swift */,
			);
			path = CustomTabBar5;
			sourceTree = "<group>";
		};
		0183C4592A55988C00C9BF89 /* Loader */ = {
			isa = PBXGroup;
			children = (
				0183C45A2A559A1000C9BF89 /* Loader1 */,
			);
			path = Loader;
			sourceTree = "<group>";
		};
		0183C45A2A559A1000C9BF89 /* Loader1 */ = {
			isa = PBXGroup;
			children = (
				0183C4612A559B3200C9BF89 /* Loader1.swift */,
			);
			path = Loader1;
			sourceTree = "<group>";
		};
		0183C45F2A559AE700C9BF89 /* ExpandingView */ = {
			isa = PBXGroup;
			children = (
				0183C4602A559AE900C9BF89 /* ExpandingView1 */,
			);
			path = ExpandingView;
			sourceTree = "<group>";
		};
		0183C4602A559AE900C9BF89 /* ExpandingView1 */ = {
			isa = PBXGroup;
			children = (
				0183C45B2A559A2100C9BF89 /* ExpandingView1.swift */,
				0183C45D2A559A6000C9BF89 /* ExpandingView.swift */,
			);
			path = ExpandingView1;
			sourceTree = "<group>";
		};
		0183C4672A55AB9000C9BF89 /* PopupView */ = {
			isa = PBXGroup;
			children = (
				0183C46B2A55AF4600C9BF89 /* AlertVIew1 */,
				0183C4682A55AB9B00C9BF89 /* PopupView1 */,
			);
			path = PopupView;
			sourceTree = "<group>";
		};
		0183C4682A55AB9B00C9BF89 /* PopupView1 */ = {
			isa = PBXGroup;
			children = (
				0183C4692A55ABA200C9BF89 /* PopupView1.swift */,
			);
			path = PopupView1;
			sourceTree = "<group>";
		};
		0183C46B2A55AF4600C9BF89 /* AlertVIew1 */ = {
			isa = PBXGroup;
			children = (
				0183C46C2A55AF5000C9BF89 /* AlertVIew1.swift */,
			);
			path = AlertVIew1;
			sourceTree = "<group>";
		};
		018BE6CC2A51B7400064F8B2 = {
			isa = PBXGroup;
			children = (
				01C454602A864428008931A0 /* Packages */,
				018BE6D72A51B7400064F8B2 /* SwiftuiCustomComponents */,
				018BE6E82A51B7420064F8B2 /* SwiftuiCustomComponentsTests */,
				018BE6F22A51B7420064F8B2 /* SwiftuiCustomComponentsUITests */,
				018BE6D62A51B7400064F8B2 /* Products */,
				01C454582A864112008931A0 /* Frameworks */,
			);
			sourceTree = "<group>";
		};
		018BE6D62A51B7400064F8B2 /* Products */ = {
			isa = PBXGroup;
			children = (
				018BE6D52A51B7400064F8B2 /* SwiftuiCustomComponents.app */,
				018BE6E52A51B7420064F8B2 /* SwiftuiCustomComponentsTests.xctest */,
				018BE6EF2A51B7420064F8B2 /* SwiftuiCustomComponentsUITests.xctest */,
			);
			name = Products;
			sourceTree = "<group>";
		};
		018BE6D72A51B7400064F8B2 /* SwiftuiCustomComponents */ = {
			isa = PBXGroup;
			children = (
				0161AE9B2A56F4670082930D /* Shared */,
				018BE7022A51B74D0064F8B2 /* Components */,
				018BE6D82A51B7400064F8B2 /* SwiftuiCustomComponentsApp.swift */,
				018BE6DA2A51B7400064F8B2 /* ContentView.swift */,
				018BE6DC2A51B7420064F8B2 /* Assets.xcassets */,
				018BE6DE2A51B7420064F8B2 /* Preview Content */,
			);
			path = SwiftuiCustomComponents;
			sourceTree = "<group>";
		};
		018BE6DE2A51B7420064F8B2 /* Preview Content */ = {
			isa = PBXGroup;
			children = (
				018BE6DF2A51B7420064F8B2 /* Preview Assets.xcassets */,
			);
			path = "Preview Content";
			sourceTree = "<group>";
		};
		018BE6E82A51B7420064F8B2 /* SwiftuiCustomComponentsTests */ = {
			isa = PBXGroup;
			children = (
				018BE6E92A51B7420064F8B2 /* SwiftuiCustomComponentsTests.swift */,
			);
			path = SwiftuiCustomComponentsTests;
			sourceTree = "<group>";
		};
		018BE6F22A51B7420064F8B2 /* SwiftuiCustomComponentsUITests */ = {
			isa = PBXGroup;
			children = (
				018BE6F32A51B7420064F8B2 /* SwiftuiCustomComponentsUITests.swift */,
				018BE6F52A51B7420064F8B2 /* SwiftuiCustomComponentsUITestsLaunchTests.swift */,
			);
			path = SwiftuiCustomComponentsUITests;
			sourceTree = "<group>";
		};
		018BE7022A51B74D0064F8B2 /* Components */ = {
			isa = PBXGroup;
			children = (
				01C453962A84EC59008931A0 /* New Group */,
				014712972A7BB10200FC77C3 /* VideoPlayer */,
				019A6E222A5705130007F158 /* MapView */,
				0161AE962A56F3930082930D /* RiveExemples */,
				0161AE8C2A56AEF50082930D /* AnimationExemple */,
				0183C45F2A559AE700C9BF89 /* ExpandingView */,
				018BE7032A51B75A0064F8B2 /* CustomTabBar */,
				0183C4592A55988C00C9BF89 /* Loader */,
				0183C4672A55AB9000C9BF89 /* PopupView */,
				0161AE882A56AA9B0082930D /* ListView */,
			);
			path = Components;
			sourceTree = "<group>";
		};
		018BE7032A51B75A0064F8B2 /* CustomTabBar */ = {
			isa = PBXGroup;
			children = (
				018BE7062A51B7F20064F8B2 /* CustomTabBar1 */,
				0183C4402A5564B500C9BF89 /* CustomTabBar2 */,
				0183C4432A5564F500C9BF89 /* CustomTabBar3 */,
				0183C4482A556BDC00C9BF89 /* CustomTabBar4 */,
				0183C44D2A557B5900C9BF89 /* CustomTabBar5 */,
			);
			path = CustomTabBar;
			sourceTree = "<group>";
		};
		018BE7062A51B7F20064F8B2 /* CustomTabBar1 */ = {
			isa = PBXGroup;
			children = (
				018BE7042A51B76B0064F8B2 /* CustomTabBar1.swift */,
				018BE7072A51B8230064F8B2 /* CustomTabBar1View.swift */,
				018BE7092A51B9090064F8B2 /* CustomTabBar1House.swift */,
				018BE70B2A51B9270064F8B2 /* CustomTabBar1Message.swift */,
				018BE70D2A51B9480064F8B2 /* CustomTabBar1Person.swift */,
				018BE70F2A51B95D0064F8B2 /* CustomTabBar1Setting.swift */,
				018BE7112A51B9E50064F8B2 /* CustomTabBar1Leaf.swift */,
			);
			path = CustomTabBar1;
			sourceTree = "<group>";
		};
		019A6E222A5705130007F158 /* MapView */ = {
			isa = PBXGroup;
			children = (
				01C453972A84EC65008931A0 /* MapViewCustomPackage */,
			);
			path = MapView;
			sourceTree = "<group>";
		};
		01C453962A84EC59008931A0 /* New Group */ = {
			isa = PBXGroup;
			children = (
			);
			path = "New Group";
			sourceTree = "<group>";
		};
		01C453972A84EC65008931A0 /* MapViewCustomPackage */ = {
			isa = PBXGroup;
			children = (
				01C453982A84EC78008931A0 /* MapViewCustomPackage.swift */,
			);
			path = MapViewCustomPackage;
			sourceTree = "<group>";
		};
		01C454582A864112008931A0 /* Frameworks */ = {
			isa = PBXGroup;
			children = (
			);
			name = Frameworks;
			sourceTree = "<group>";
		};
		01C454602A864428008931A0 /* Packages */ = {
			isa = PBXGroup;
			children = (
				01C454612A864428008931A0 /* MapSwifty */,
			);
			name = Packages;
			sourceTree = "<group>";
		};
		01C71AA72A6E8DDA000FD021 /* ButtonsAnimation */ = {
			isa = PBXGroup;
			children = (
				01C71AA82A6E8DEC000FD021 /* ButtonsAnimation.swift */,
			);
			path = ButtonsAnimation;
			sourceTree = "<group>";
		};
/* End PBXGroup section */

/* Begin PBXNativeTarget section */
		018BE6D42A51B7400064F8B2 /* SwiftuiCustomComponents */ = {
			isa = PBXNativeTarget;
			buildConfigurationList = 018BE6F92A51B7420064F8B2 /* Build configuration list for PBXNativeTarget "SwiftuiCustomComponents" */;
			buildPhases = (
				018BE6D22A51B7400064F8B2 /* Frameworks */,
				018BE6D32A51B7400064F8B2 /* Resources */,
			);
			buildRules = (
			);
			dependencies = (
			);
			name = SwiftuiCustomComponents;
			packageProductDependencies = (
			);
			productName = SwiftuiCustomComponents;
			productReference = 018BE6D52A51B7400064F8B2 /* SwiftuiCustomComponents.app */;
			productType = "com.apple.product-type.application";
		};
		018BE6E42A51B7420064F8B2 /* SwiftuiCustomComponentsTests */ = {
			isa = PBXNativeTarget;
			buildConfigurationList = 018BE6FC2A51B7420064F8B2 /* Build configuration list for PBXNativeTarget "SwiftuiCustomComponentsTests" */;
			buildPhases = (
				018BE6E12A51B7420064F8B2 /* Sources */,
				018BE6E22A51B7420064F8B2 /* Frameworks */,
				018BE6E32A51B7420064F8B2 /* Resources */,
			);
			buildRules = (
			);
			dependencies = (
				018BE6E72A51B7420064F8B2 /* PBXTargetDependency */,
			);
			name = SwiftuiCustomComponentsTests;
			productName = SwiftuiCustomComponentsTests;
			productReference = 018BE6E52A51B7420064F8B2 /* SwiftuiCustomComponentsTests.xctest */;
			productType = "com.apple.product-type.bundle.unit-test";
		};
		018BE6EE2A51B7420064F8B2 /* SwiftuiCustomComponentsUITests */ = {
			isa = PBXNativeTarget;
			buildConfigurationList = 018BE6FF2A51B7420064F8B2 /* Build configuration list for PBXNativeTarget "SwiftuiCustomComponentsUITests" */;
			buildPhases = (
				018BE6EB2A51B7420064F8B2 /* Sources */,
				018BE6EC2A51B7420064F8B2 /* Frameworks */,
				018BE6ED2A51B7420064F8B2 /* Resources */,
			);
			buildRules = (
			);
			dependencies = (
				018BE6F12A51B7420064F8B2 /* PBXTargetDependency */,
			);
			name = SwiftuiCustomComponentsUITests;
			productName = SwiftuiCustomComponentsUITests;
			productReference = 018BE6EF2A51B7420064F8B2 /* SwiftuiCustomComponentsUITests.xctest */;
			productType = "com.apple.product-type.bundle.ui-testing";
		};
/* End PBXNativeTarget section */

/* Begin PBXProject section */
		018BE6CD2A51B7400064F8B2 /* Project object */ = {
			isa = PBXProject;
			attributes = {
				BuildIndependentTargetsInParallel = 1;
				LastSwiftUpdateCheck = 1430;
				LastUpgradeCheck = 1430;
				TargetAttributes = {
					018BE6D42A51B7400064F8B2 = {
						CreatedOnToolsVersion = 14.3;
					};
					018BE6E42A51B7420064F8B2 = {
						CreatedOnToolsVersion = 14.3;
						TestTargetID = 018BE6D42A51B7400064F8B2;
					};
					018BE6EE2A51B7420064F8B2 = {
						CreatedOnToolsVersion = 14.3;
						TestTargetID = 018BE6D42A51B7400064F8B2;
					};
				};
			};
			buildConfigurationList = 018BE6D02A51B7400064F8B2 /* Build configuration list for PBXProject "SwiftuiCustomComponents" */;
			compatibilityVersion = "Xcode 14.0";
			developmentRegion = en;
			hasScannedForEncodings = 0;
			knownRegions = (
				en,
				Base,
			);
			mainGroup = 018BE6CC2A51B7400064F8B2;
			packageReferences = (
			);
			productRefGroup = 018BE6D62A51B7400064F8B2 /* Products */;
			projectDirPath = "";
			projectRoot = "";
			targets = (
				018BE6D42A51B7400064F8B2 /* SwiftuiCustomComponents */,
				018BE6E42A51B7420064F8B2 /* SwiftuiCustomComponentsTests */,
				018BE6EE2A51B7420064F8B2 /* SwiftuiCustomComponentsUITests */,
			);
		};
/* End PBXProject section */

/* Begin PBXResourcesBuildPhase section */
		018BE6D32A51B7400064F8B2 /* Resources */ = {
			isa = PBXResourcesBuildPhase;
			buildActionMask = 2147483647;
			files = (
				0161AE9E2A56F4840082930D /* check.riv in Resources */,
				018BE6E02A51B7420064F8B2 /* Preview Assets.xcassets in Resources */,
				018BE6DD2A51B7420064F8B2 /* Assets.xcassets in Resources */,
				0161AE9F2A56F4840082930D /* confetti.riv in Resources */,
			);
			runOnlyForDeploymentPostprocessing = 0;
		};
		018BE6E32A51B7420064F8B2 /* Resources */ = {
			isa = PBXResourcesBuildPhase;
			buildActionMask = 2147483647;
			files = (
			);
			runOnlyForDeploymentPostprocessing = 0;
		};
		018BE6ED2A51B7420064F8B2 /* Resources */ = {
			isa = PBXResourcesBuildPhase;
			buildActionMask = 2147483647;
			files = (
			);
			runOnlyForDeploymentPostprocessing = 0;
		};
/* End PBXResourcesBuildPhase section */

/* Begin PBXSourcesBuildPhase section */
		018BE6E12A51B7420064F8B2 /* Sources */ = {
			isa = PBXSourcesBuildPhase;
			buildActionMask = 2147483647;
			files = (
				018BE6EA2A51B7420064F8B2 /* SwiftuiCustomComponentsTests.swift in Sources */,
			);
			runOnlyForDeploymentPostprocessing = 0;
		};
		018BE6EB2A51B7420064F8B2 /* Sources */ = {
			isa = PBXSourcesBuildPhase;
			buildActionMask = 2147483647;
			files = (
				018BE6F42A51B7420064F8B2 /* SwiftuiCustomComponentsUITests.swift in Sources */,
				018BE6F62A51B7420064F8B2 /* SwiftuiCustomComponentsUITestsLaunchTests.swift in Sources */,
			);
			runOnlyForDeploymentPostprocessing = 0;
		};
/* End PBXSourcesBuildPhase section */

/* Begin PBXTargetDependency section */
		018BE6E72A51B7420064F8B2 /* PBXTargetDependency */ = {
			isa = PBXTargetDependency;
			target = 018BE6D42A51B7400064F8B2 /* SwiftuiCustomComponents */;
			targetProxy = 018BE6E62A51B7420064F8B2 /* PBXContainerItemProxy */;
		};
		018BE6F12A51B7420064F8B2 /* PBXTargetDependency */ = {
			isa = PBXTargetDependency;
			target = 018BE6D42A51B7400064F8B2 /* SwiftuiCustomComponents */;
			targetProxy = 018BE6F02A51B7420064F8B2 /* PBXContainerItemProxy */;
		};
/* End PBXTargetDependency section */

/* Begin XCBuildConfiguration section */
		018BE6F72A51B7420064F8B2 /* Debug */ = {
			isa = XCBuildConfiguration;
			buildSettings = {
				ALWAYS_SEARCH_USER_PATHS = NO;
				CLANG_ANALYZER_NONNULL = YES;
				CLANG_ANALYZER_NUMBER_OBJECT_CONVERSION = YES_AGGRESSIVE;
				CLANG_CXX_LANGUAGE_STANDARD = "gnu++20";
				CLANG_ENABLE_MODULES = YES;
				CLANG_ENABLE_OBJC_ARC = YES;
				CLANG_ENABLE_OBJC_WEAK = YES;
				CLANG_WARN_BLOCK_CAPTURE_AUTORELEASING = YES;
				CLANG_WARN_BOOL_CONVERSION = YES;
				CLANG_WARN_COMMA = YES;
				CLANG_WARN_CONSTANT_CONVERSION = YES;
				CLANG_WARN_DEPRECATED_OBJC_IMPLEMENTATIONS = YES;
				CLANG_WARN_DIRECT_OBJC_ISA_USAGE = YES_ERROR;
				CLANG_WARN_DOCUMENTATION_COMMENTS = YES;
				CLANG_WARN_EMPTY_BODY = YES;
				CLANG_WARN_ENUM_CONVERSION = YES;
				CLANG_WARN_INFINITE_RECURSION = YES;
				CLANG_WARN_INT_CONVERSION = YES;
				CLANG_WARN_NON_LITERAL_NULL_CONVERSION = YES;
				CLANG_WARN_OBJC_IMPLICIT_RETAIN_SELF = YES;
				CLANG_WARN_OBJC_LITERAL_CONVERSION = YES;
				CLANG_WARN_OBJC_ROOT_CLASS = YES_ERROR;
				CLANG_WARN_QUOTED_INCLUDE_IN_FRAMEWORK_HEADER = YES;
				CLANG_WARN_RANGE_LOOP_ANALYSIS = YES;
				CLANG_WARN_STRICT_PROTOTYPES = YES;
				CLANG_WARN_SUSPICIOUS_MOVE = YES;
				CLANG_WARN_UNGUARDED_AVAILABILITY = YES_AGGRESSIVE;
				CLANG_WARN_UNREACHABLE_CODE = YES;
				CLANG_WARN__DUPLICATE_METHOD_MATCH = YES;
				COPY_PHASE_STRIP = NO;
				DEBUG_INFORMATION_FORMAT = dwarf;
				ENABLE_STRICT_OBJC_MSGSEND = YES;
				ENABLE_TESTABILITY = YES;
				GCC_C_LANGUAGE_STANDARD = gnu11;
				GCC_DYNAMIC_NO_PIC = NO;
				GCC_NO_COMMON_BLOCKS = YES;
				GCC_OPTIMIZATION_LEVEL = 0;
				GCC_PREPROCESSOR_DEFINITIONS = (
					"DEBUG=1",
					"$(inherited)",
				);
				GCC_WARN_64_TO_32_BIT_CONVERSION = YES;
				GCC_WARN_ABOUT_RETURN_TYPE = YES_ERROR;
				GCC_WARN_UNDECLARED_SELECTOR = YES;
				GCC_WARN_UNINITIALIZED_AUTOS = YES_AGGRESSIVE;
				GCC_WARN_UNUSED_FUNCTION = YES;
				GCC_WARN_UNUSED_VARIABLE = YES;
				IPHONEOS_DEPLOYMENT_TARGET = 16.4;
				MTL_ENABLE_DEBUG_INFO = INCLUDE_SOURCE;
				MTL_FAST_MATH = YES;
				ONLY_ACTIVE_ARCH = YES;
				SDKROOT = iphoneos;
				SWIFT_ACTIVE_COMPILATION_CONDITIONS = DEBUG;
				SWIFT_OPTIMIZATION_LEVEL = "-Onone";
			};
			name = Debug;
		};
		018BE6F82A51B7420064F8B2 /* Release */ = {
			isa = XCBuildConfiguration;
			buildSettings = {
				ALWAYS_SEARCH_USER_PATHS = NO;
				CLANG_ANALYZER_NONNULL = YES;
				CLANG_ANALYZER_NUMBER_OBJECT_CONVERSION = YES_AGGRESSIVE;
				CLANG_CXX_LANGUAGE_STANDARD = "gnu++20";
				CLANG_ENABLE_MODULES = YES;
				CLANG_ENABLE_OBJC_ARC = YES;
				CLANG_ENABLE_OBJC_WEAK = YES;
				CLANG_WARN_BLOCK_CAPTURE_AUTORELEASING = YES;
				CLANG_WARN_BOOL_CONVERSION = YES;
				CLANG_WARN_COMMA = YES;
				CLANG_WARN_CONSTANT_CONVERSION = YES;
				CLANG_WARN_DEPRECATED_OBJC_IMPLEMENTATIONS = YES;
				CLANG_WARN_DIRECT_OBJC_ISA_USAGE = YES_ERROR;
				CLANG_WARN_DOCUMENTATION_COMMENTS = YES;
				CLANG_WARN_EMPTY_BODY = YES;
				CLANG_WARN_ENUM_CONVERSION = YES;
				CLANG_WARN_INFINITE_RECURSION = YES;
				CLANG_WARN_INT_CONVERSION = YES;
				CLANG_WARN_NON_LITERAL_NULL_CONVERSION = YES;
				CLANG_WARN_OBJC_IMPLICIT_RETAIN_SELF = YES;
				CLANG_WARN_OBJC_LITERAL_CONVERSION = YES;
				CLANG_WARN_OBJC_ROOT_CLASS = YES_ERROR;
				CLANG_WARN_QUOTED_INCLUDE_IN_FRAMEWORK_HEADER = YES;
				CLANG_WARN_RANGE_LOOP_ANALYSIS = YES;
				CLANG_WARN_STRICT_PROTOTYPES = YES;
				CLANG_WARN_SUSPICIOUS_MOVE = YES;
				CLANG_WARN_UNGUARDED_AVAILABILITY = YES_AGGRESSIVE;
				CLANG_WARN_UNREACHABLE_CODE = YES;
				CLANG_WARN__DUPLICATE_METHOD_MATCH = YES;
				COPY_PHASE_STRIP = NO;
				DEBUG_INFORMATION_FORMAT = "dwarf-with-dsym";
				ENABLE_NS_ASSERTIONS = NO;
				ENABLE_STRICT_OBJC_MSGSEND = YES;
				GCC_C_LANGUAGE_STANDARD = gnu11;
				GCC_NO_COMMON_BLOCKS = YES;
				GCC_WARN_64_TO_32_BIT_CONVERSION = YES;
				GCC_WARN_ABOUT_RETURN_TYPE = YES_ERROR;
				GCC_WARN_UNDECLARED_SELECTOR = YES;
				GCC_WARN_UNINITIALIZED_AUTOS = YES_AGGRESSIVE;
				GCC_WARN_UNUSED_FUNCTION = YES;
				GCC_WARN_UNUSED_VARIABLE = YES;
				IPHONEOS_DEPLOYMENT_TARGET = 16.4;
				MTL_ENABLE_DEBUG_INFO = NO;
				MTL_FAST_MATH = YES;
				SDKROOT = iphoneos;
				SWIFT_COMPILATION_MODE = wholemodule;
				SWIFT_OPTIMIZATION_LEVEL = "-O";
				VALIDATE_PRODUCT = YES;
			};
			name = Release;
		};
		018BE6FA2A51B7420064F8B2 /* Debug */ = {
			isa = XCBuildConfiguration;
			buildSettings = {
				ASSETCATALOG_COMPILER_APPICON_NAME = AppIcon;
				ASSETCATALOG_COMPILER_GLOBAL_ACCENT_COLOR_NAME = AccentColor;
				CODE_SIGN_IDENTITY = "Apple Development";
				CODE_SIGN_STYLE = Automatic;
				CURRENT_PROJECT_VERSION = 1;
				DEVELOPMENT_ASSET_PATHS = "\"SwiftuiCustomComponents/Preview Content\"";
				DEVELOPMENT_TEAM = J6CR3N3ZH6;
				ENABLE_PREVIEWS = YES;
				GENERATE_INFOPLIST_FILE = YES;
				INFOPLIST_KEY_UIApplicationSceneManifest_Generation = YES;
				INFOPLIST_KEY_UIApplicationSupportsIndirectInputEvents = YES;
				INFOPLIST_KEY_UILaunchScreen_Generation = YES;
				INFOPLIST_KEY_UISupportedInterfaceOrientations_iPad = "UIInterfaceOrientationPortrait UIInterfaceOrientationPortraitUpsideDown UIInterfaceOrientationLandscapeLeft UIInterfaceOrientationLandscapeRight";
				INFOPLIST_KEY_UISupportedInterfaceOrientations_iPhone = "UIInterfaceOrientationPortrait UIInterfaceOrientationLandscapeLeft UIInterfaceOrientationLandscapeRight";
				IPHONEOS_DEPLOYMENT_TARGET = 16.0;
				LD_RUNPATH_SEARCH_PATHS = (
					"$(inherited)",
					"@executable_path/Frameworks",
				);
				LIBRARY_SEARCH_PATHS = (
					"$(inherited)",
					"$(SDKROOT)/usr/lib/swift",
				);
				MARKETING_VERSION = 1.0;
				PRODUCT_BUNDLE_IDENTIFIER = LZakaria.SwiftuiCustomComponents;
				PRODUCT_NAME = "$(TARGET_NAME)";
				PROVISIONING_PROFILE_SPECIFIER = "";
				SWIFT_EMIT_LOC_STRINGS = YES;
				SWIFT_VERSION = 5.0;
				TARGETED_DEVICE_FAMILY = "1,2";
			};
			name = Debug;
		};
		018BE6FB2A51B7420064F8B2 /* Release */ = {
			isa = XCBuildConfiguration;
			buildSettings = {
				ASSETCATALOG_COMPILER_APPICON_NAME = AppIcon;
				ASSETCATALOG_COMPILER_GLOBAL_ACCENT_COLOR_NAME = AccentColor;
				CODE_SIGN_IDENTITY = "Apple Development";
				CODE_SIGN_STYLE = Automatic;
				CURRENT_PROJECT_VERSION = 1;
				DEVELOPMENT_ASSET_PATHS = "\"SwiftuiCustomComponents/Preview Content\"";
				DEVELOPMENT_TEAM = J6CR3N3ZH6;
				ENABLE_PREVIEWS = YES;
				GENERATE_INFOPLIST_FILE = YES;
				INFOPLIST_KEY_UIApplicationSceneManifest_Generation = YES;
				INFOPLIST_KEY_UIApplicationSupportsIndirectInputEvents = YES;
				INFOPLIST_KEY_UILaunchScreen_Generation = YES;
				INFOPLIST_KEY_UISupportedInterfaceOrientations_iPad = "UIInterfaceOrientationPortrait UIInterfaceOrientationPortraitUpsideDown UIInterfaceOrientationLandscapeLeft UIInterfaceOrientationLandscapeRight";
				INFOPLIST_KEY_UISupportedInterfaceOrientations_iPhone = "UIInterfaceOrientationPortrait UIInterfaceOrientationLandscapeLeft UIInterfaceOrientationLandscapeRight";
				IPHONEOS_DEPLOYMENT_TARGET = 16.0;
				LD_RUNPATH_SEARCH_PATHS = (
					"$(inherited)",
					"@executable_path/Frameworks",
				);
				LIBRARY_SEARCH_PATHS = (
					"$(inherited)",
					"$(SDKROOT)/usr/lib/swift",
				);
				MARKETING_VERSION = 1.0;
				PRODUCT_BUNDLE_IDENTIFIER = LZakaria.SwiftuiCustomComponents;
				PRODUCT_NAME = "$(TARGET_NAME)";
				PROVISIONING_PROFILE_SPECIFIER = "";
				SWIFT_EMIT_LOC_STRINGS = YES;
				SWIFT_VERSION = 5.0;
				TARGETED_DEVICE_FAMILY = "1,2";
			};
			name = Release;
		};
		018BE6FD2A51B7420064F8B2 /* Debug */ = {
			isa = XCBuildConfiguration;
			buildSettings = {
				ALWAYS_EMBED_SWIFT_STANDARD_LIBRARIES = YES;
				BUNDLE_LOADER = "$(TEST_HOST)";
				"CODE_SIGN_IDENTITY[sdk=macosx*]" = "-";
				CODE_SIGN_STYLE = Automatic;
				CURRENT_PROJECT_VERSION = 1;
				DEVELOPMENT_TEAM = J6CR3N3ZH6;
				GENERATE_INFOPLIST_FILE = YES;
				IPHONEOS_DEPLOYMENT_TARGET = 16.4;
				MARKETING_VERSION = 1.0;
				PRODUCT_BUNDLE_IDENTIFIER = LZakaria.SwiftuiCustomComponentsTests;
				PRODUCT_NAME = "$(TARGET_NAME)";
				SWIFT_EMIT_LOC_STRINGS = NO;
				SWIFT_VERSION = 5.0;
				TARGETED_DEVICE_FAMILY = "1,2";
				TEST_HOST = "$(BUILT_PRODUCTS_DIR)/SwiftuiCustomComponents.app/$(BUNDLE_EXECUTABLE_FOLDER_PATH)/SwiftuiCustomComponents";
			};
			name = Debug;
		};
		018BE6FE2A51B7420064F8B2 /* Release */ = {
			isa = XCBuildConfiguration;
			buildSettings = {
				ALWAYS_EMBED_SWIFT_STANDARD_LIBRARIES = YES;
				BUNDLE_LOADER = "$(TEST_HOST)";
				"CODE_SIGN_IDENTITY[sdk=macosx*]" = "-";
				CODE_SIGN_STYLE = Automatic;
				CURRENT_PROJECT_VERSION = 1;
				DEVELOPMENT_TEAM = J6CR3N3ZH6;
				GENERATE_INFOPLIST_FILE = YES;
				IPHONEOS_DEPLOYMENT_TARGET = 16.4;
				MARKETING_VERSION = 1.0;
				PRODUCT_BUNDLE_IDENTIFIER = LZakaria.SwiftuiCustomComponentsTests;
				PRODUCT_NAME = "$(TARGET_NAME)";
				SWIFT_EMIT_LOC_STRINGS = NO;
				SWIFT_VERSION = 5.0;
				TARGETED_DEVICE_FAMILY = "1,2";
				TEST_HOST = "$(BUILT_PRODUCTS_DIR)/SwiftuiCustomComponents.app/$(BUNDLE_EXECUTABLE_FOLDER_PATH)/SwiftuiCustomComponents";
			};
			name = Release;
		};
		018BE7002A51B7420064F8B2 /* Debug */ = {
			isa = XCBuildConfiguration;
			buildSettings = {
				ALWAYS_EMBED_SWIFT_STANDARD_LIBRARIES = YES;
				"CODE_SIGN_IDENTITY[sdk=macosx*]" = "-";
				CODE_SIGN_STYLE = Automatic;
				CURRENT_PROJECT_VERSION = 1;
				DEVELOPMENT_TEAM = J6CR3N3ZH6;
				GENERATE_INFOPLIST_FILE = YES;
				MARKETING_VERSION = 1.0;
				PRODUCT_BUNDLE_IDENTIFIER = LZakaria.SwiftuiCustomComponentsUITests;
				PRODUCT_NAME = "$(TARGET_NAME)";
				SWIFT_EMIT_LOC_STRINGS = NO;
				SWIFT_VERSION = 5.0;
				TARGETED_DEVICE_FAMILY = "1,2";
				TEST_TARGET_NAME = SwiftuiCustomComponents;
			};
			name = Debug;
		};
		018BE7012A51B7420064F8B2 /* Release */ = {
			isa = XCBuildConfiguration;
			buildSettings = {
				ALWAYS_EMBED_SWIFT_STANDARD_LIBRARIES = YES;
				"CODE_SIGN_IDENTITY[sdk=macosx*]" = "-";
				CODE_SIGN_STYLE = Automatic;
				CURRENT_PROJECT_VERSION = 1;
				DEVELOPMENT_TEAM = J6CR3N3ZH6;
				GENERATE_INFOPLIST_FILE = YES;
				MARKETING_VERSION = 1.0;
				PRODUCT_BUNDLE_IDENTIFIER = LZakaria.SwiftuiCustomComponentsUITests;
				PRODUCT_NAME = "$(TARGET_NAME)";
				SWIFT_EMIT_LOC_STRINGS = NO;
				SWIFT_VERSION = 5.0;
				TARGETED_DEVICE_FAMILY = "1,2";
				TEST_TARGET_NAME = SwiftuiCustomComponents;
			};
			name = Release;
		};
/* End XCBuildConfiguration section */

/* Begin XCConfigurationList section */
		018BE6D02A51B7400064F8B2 /* Build configuration list for PBXProject "SwiftuiCustomComponents" */ = {
			isa = XCConfigurationList;
			buildConfigurations = (
				018BE6F72A51B7420064F8B2 /* Debug */,
				018BE6F82A51B7420064F8B2 /* Release */,
			);
			defaultConfigurationIsVisible = 0;
			defaultConfigurationName = Release;
		};
		018BE6F92A51B7420064F8B2 /* Build configuration list for PBXNativeTarget "SwiftuiCustomComponents" */ = {
			isa = XCConfigurationList;
			buildConfigurations = (
				018BE6FA2A51B7420064F8B2 /* Debug */,
				018BE6FB2A51B7420064F8B2 /* Release */,
			);
			defaultConfigurationIsVisible = 0;
			defaultConfigurationName = Release;
		};
		018BE6FC2A51B7420064F8B2 /* Build configuration list for PBXNativeTarget "SwiftuiCustomComponentsTests" */ = {
			isa = XCConfigurationList;
			buildConfigurations = (
				018BE6FD2A51B7420064F8B2 /* Debug */,
				018BE6FE2A51B7420064F8B2 /* Release */,
			);
			defaultConfigurationIsVisible = 0;
			defaultConfigurationName = Release;
		};
		018BE6FF2A51B7420064F8B2 /* Build configuration list for PBXNativeTarget "SwiftuiCustomComponentsUITests" */ = {
			isa = XCConfigurationList;
			buildConfigurations = (
				018BE7002A51B7420064F8B2 /* Debug */,
				018BE7012A51B7420064F8B2 /* Release */,
			);
			defaultConfigurationIsVisible = 0;
			defaultConfigurationName = Release;
		};
/* End XCConfigurationList section */
	};
	rootObject = 018BE6CD2A51B7400064F8B2 /* Project object */;
}
